
Microsoft Visual Studio Solution File, Format Version 12.00
# Visual Studio 15
VisualStudioVersion = 15.0.28307.1525
MinimumVisualStudioVersion = 10.0.40219.1
Project("{8BC9CEB8-8B4A-11D0-8D11-00A0C91BC942}") = "CLASS_THONGTINCANHAN", "CLASS_THONGTINCANHAN\CLASS_THONGTINCANHAN.vcxproj", "{79EE7783-ABA8-41C8-8E59-FB43D1E163BA}"
EndProject
Global
	GlobalSection(SolutionConfigurationPlatforms) = preSolution
		Debug|x64 = Debug|x64
		Debug|x86 = Debug|x86
		Release|x64 = Release|x64
		Release|x86 = Release|x86
	EndGlobalSection
	GlobalSection(ProjectConfigurationPlatforms) = postSolution
		{79EE7783-ABA8-41C8-8E59-FB43D1E163BA}.Debug|x64.ActiveCfg = Debug|x64
		{79EE7783-ABA8-41C8-8E59-FB43D1E163BA}.Debug|x64.Build.0 = Debug|x64
		{79EE7783-ABA8-41C8-8E59-FB43D1E163BA}.Debug|x86.ActiveCfg = Debug|Win32
		{79EE7783-ABA8-41C8-8E59-FB43D1E163BA}.Debug|x86.Build.0 = Debug|Win32
		{79EE7783-ABA8-41C8-8E59-FB43D1E163BA}.Release|x64.ActiveCfg = Release|x64
		{79EE7783-ABA8-41C8-8E59-FB43D1E163BA}.Release|x64.Build.0 = Release|x64
		{79EE7783-ABA8-41C8-8E59-FB43D1E163BA}.Release|x86.ActiveCfg = Release|Win32
		{79EE7783-ABA8-41C8-8E59-FB43D1E163BA}.Release|x86.Build.0 = Release|Win32
	EndGlobalSection
	GlobalSection(SolutionProperties) = preSolution
		HideSolutionNode = FALSE
	EndGlobalSection
	GlobalSection(ExtensibilityGlobals) = postSolution
		SolutionGuid = {35B00571-D5AC-4001-8ADB-43A6F3B03903}
	EndGlobalSection
EndGlobal
